
Microsoft Visual Studio Solution File, Format Version 12.00
# Visual Studio Version 17
VisualStudioVersion = 17.4.33103.184
MinimumVisualStudioVersion = 10.0.40219.1
Project("{FAE04EC0-301F-11D3-BF4B-00C04F79EFBC}") = "WebScraper", "WebScraper\WebScraper.csproj", "{BC47C8BE-C7E7-492E-B59B-D9F891A51E0C}"
EndProject
Global
	GlobalSection(SolutionConfigurationPlatforms) = preSolution
		Debug|Any CPU = Debug|Any CPU
		Release|Any CPU = Release|Any CPU
	EndGlobalSection
	GlobalSection(ProjectConfigurationPlatforms) = postSolution
		{BC47C8BE-C7E7-492E-B59B-D9F891A51E0C}.Debug|Any CPU.ActiveCfg = Debug|Any CPU
		{BC47C8BE-C7E7-492E-B59B-D9F891A51E0C}.Debug|Any CPU.Build.0 = Debug|Any CPU
		{BC47C8BE-C7E7-492E-B59B-D9F891A51E0C}.Release|Any CPU.ActiveCfg = Release|Any CPU
		{BC47C8BE-C7E7-492E-B59B-D9F891A51E0C}.Release|Any CPU.Build.0 = Release|Any CPU
	EndGlobalSection
	GlobalSection(SolutionProperties) = preSolution
		HideSolutionNode = FALSE
	EndGlobalSection
	GlobalSection(ExtensibilityGlobals) = postSolution
		SolutionGuid = {3C2F84DA-4499-48D7-9E91-4C55B0BA2E1A}
	EndGlobalSection
EndGlobal
